// !$*UTF8*$!
{
	archiveVersion = 1;
	classes = {
	};
	objectVersion = 46;
	objects = {

/* Begin PBXBuildFile section */
		84FEBDC41CCEFFA70085E15F /* AppDelegate.swift in Sources */ = {isa = PBXBuildFile; fileRef = 84FEBDC31CCEFFA70085E15F /* AppDelegate.swift */; };
		84FEBDC61CCEFFA70085E15F /* ViewController.swift in Sources */ = {isa = PBXBuildFile; fileRef = 84FEBDC51CCEFFA70085E15F /* ViewController.swift */; };
		84FEBDC91CCEFFA70085E15F /* Main.storyboard in Resources */ = {isa = PBXBuildFile; fileRef = 84FEBDC71CCEFFA70085E15F /* Main.storyboard */; };
		84FEBDCB1CCEFFA70085E15F /* Assets.xcassets in Resources */ = {isa = PBXBuildFile; fileRef = 84FEBDCA1CCEFFA70085E15F /* Assets.xcassets */; };
		84FEBDCE1CCEFFA70085E15F /* LaunchScreen.storyboard in Resources */ = {isa = PBXBuildFile; fileRef = 84FEBDCC1CCEFFA70085E15F /* LaunchScreen.storyboard */; };
/* End PBXBuildFile section */

/* Begin PBXFileReference section */
		84FEBDC01CCEFFA70085E15F /* Multiples.app */ = {isa = PBXFileReference; explicitFileType = wrapper.application; includeInIndex = 0; path = Multiples.app; sourceTree = BUILT_PRODUCTS_DIR; };
		84FEBDC31CCEFFA70085E15F /* AppDelegate.swift */ = {isa = PBXFileReference; lastKnownFileType = sourcecode.swift; path = AppDelegate.swift; sourceTree = "<group>"; };
		84FEBDC51CCEFFA70085E15F /* ViewController.swift */ = {isa = PBXFileReference; lastKnownFileType = sourcecode.swift; path = ViewController.swift; sourceTree = "<group>"; };
		84FEBDC81CCEFFA70085E15F /* Base */ = {isa = PBXFileReference; lastKnownFileType = file.storyboard; name = Base; path = Base.lproj/Main.storyboard; sourceTree = "<group>"; };
		84FEBDCA1CCEFFA70085E15F /* Assets.xcassets */ = {isa = PBXFileReference; lastKnownFileType = folder.assetcatalog; path = Assets.xcassets; sourceTree = "<group>"; };
		84FEBDCD1CCEFFA70085E15F /* Base */ = {isa = PBXFileReference; lastKnownFileType = file.storyboard; name = Base; path = Base.lproj/LaunchScreen.storyboard; sourceTree = "<group>"; };
		84FEBDCF1CCEFFA70085E15F /* Info.plist */ = {isa = PBXFileReference; lastKnownFileType = text.plist.xml; path = Info.plist; sourceTree = "<group>"; };
/* End PBXFileReference section */

/* Begin PBXFrameworksBuildPhase section */
		84FEBDBD1CCEFFA70085E15F /* Frameworks */ = {
			isa = PBXFrameworksBuildPhase;
			buildActionMask = 2147483647;
			files = (
			);
			runOnlyForDeploymentPostprocessing = 0;
		};
/* End PBXFrameworksBuildPhase section */

/* Begin PBXGroup section */
		84FEBDB71CCEFFA70085E15F = {
			isa = PBXGroup;
			children = (
				84FEBDC21CCEFFA70085E15F /* Multiples */,
				84FEBDC11CCEFFA70085E15F /* Products */,
			);
			sourceTree = "<group>";
		};
		84FEBDC11CCEFFA70085E15F /* Products */ = {
			isa = PBXGroup;
			children = (
				84FEBDC01CCEFFA70085E15F /* Multiples.app */,
			);
			name = Products;
			sourceTree = "<group>";
		};
		84FEBDC21CCEFFA70085E15F /* Multiples */ = {
			isa = PBXGroup;
			children = (
				84FEBDC31CCEFFA70085E15F /* AppDelegate.swift */,
				84FEBDC51CCEFFA70085E15F /* ViewController.swift */,
				84FEBDC71CCEFFA70085E15F /* Main.storyboard */,
				84FEBDCA1CCEFFA70085E15F /* Assets.xcassets */,
				84FEBDCC1CCEFFA70085E15F /* LaunchScreen.storyboard */,
				84FEBDCF1CCEFFA70085E15F /* Info.plist */,
			);
			path = Multiples;
			sourceTree = "<group>";
		};
/* End PBXGroup section */

/* Begin PBXNativeTarget section */
		84FEBDBF1CCEFFA70085E15F /* Multiples */ = {
			isa = PBXNativeTarget;
			buildConfigurationList = 84FEBDD21CCEFFA70085E15F /* Build configuration list for PBXNativeTarget "Multiples" */;
			buildPhases = (
				84FEBDBC1CCEFFA70085E15F /* Sources */,
				84FEBDBD1CCEFFA70085E15F /* Frameworks */,
				84FEBDBE1CCEFFA70085E15F /* Resources */,
			);
			buildRules = (
			);
			dependencies = (
			);
			name = Multiples;
			productName = Multiples;
			productReference = 84FEBDC01CCEFFA70085E15F /* Multiples.app */;
			productType = "com.apple.product-type.application";
		};
/* End PBXNativeTarget section */

/* Begin PBXProject section */
		84FEBDB81CCEFFA70085E15F /* Project object */ = {
			isa = PBXProject;
			attributes = {
				LastSwiftUpdateCheck = 0730;
				LastUpgradeCheck = 0730;
				ORGANIZATIONNAME = Karabensh;
				TargetAttributes = {
					84FEBDBF1CCEFFA70085E15F = {
						CreatedOnToolsVersion = 7.3;
					};
				};
			};
			buildConfigurationList = 84FEBDBB1CCEFFA70085E15F /* Build configuration list for PBXProject "Multiples" */;
			compatibilityVersion = "Xcode 3.2";
			developmentRegion = English;
			hasScannedForEncodings = 0;
			knownRegions = (
				en,
				Base,
			);
			mainGroup = 84FEBDB71CCEFFA70085E15F;
			productRefGroup = 84FEBDC11CCEFFA70085E15F /* Products */;
			projectDirPath = "";
			projectRoot = "";
			targets = (
				84FEBDBF1CCEFFA70085E15F /* Multiples */,
			);
		};
/* End PBXProject section */

/* Begin PBXResourcesBuildPhase section */
		84FEBDBE1CCEFFA70085E15F /* Resources */ = {
			isa = PBXResourcesBuildPhase;
			buildActionMask = 2147483647;
			files = (
				84FEBDCE1CCEFFA70085E15F /* LaunchScreen.storyboard in Resources */,
				84FEBDCB1CCEFFA70085E15F /* Assets.xcassets in Resources */,
				84FEBDC91CCEFFA70085E15F /* Main.storyboard in Resources */,
			);
			runOnlyForDeploymentPostprocessing = 0;
		};
/* End PBXResourcesBuildPhase section */

/* Begin PBXSourcesBuildPhase section */
		84FEBDBC1CCEFFA70085E15F /* Sources */ = {
			isa = PBXSourcesBuildPhase;
			buildActionMask = 2147483647;
			files = (
				84FEBDC61CCEFFA70085E15F /* ViewController.swift in Sources */,
				84FEBDC41CCEFFA70085E15F /* AppDelegate.swift in Sources */,
			);
			runOnlyForDeploymentPostprocessing = 0;
		};
/* End PBXSourcesBuildPhase section */

/* Begin PBXVariantGroup section */
		84FEBDC71CCEFFA70085E15F /* Main.storyboard */ = {
			isa = PBXVariantGroup;
			children = (
				84FEBDC81CCEFFA70085E15F /* Base */,
			);
			name = Main.storyboard;
			sourceTree = "<group>";
		};
		84FEBDCC1CCEFFA70085E15F /* LaunchScreen.storyboard */ = {
			isa = PBXVariantGroup;
			children = (
				84FEBDCD1CCEFFA70085E15F /* Base */,
			);
			name = LaunchScreen.storyboard;
			sourceTree = "<group>";
		};
/* End PBXVariantGroup section */

/* Begin XCBuildConfiguration section */
		84FEBDD01CCEFFA70085E15F /* Debug */ = {
			isa = XCBuildConfiguration;
			buildSettings = {
				ALWAYS_SEARCH_USER_PATHS = NO;
				CLANG_ANALYZER_NONNULL = YES;
				CLANG_CXX_LANGUAGE_STANDARD = "gnu++0x";
				CLANG_CXX_LIBRARY = "libc++";
				CLANG_ENABLE_MODULES = YES;
				CLANG_ENABLE_OBJC_ARC = YES;
				CLANG_WARN_BOOL_CONVERSION = YES;
				CLANG_WARN_CONSTANT_CONVERSION = YES;
				CLANG_WARN_DIRECT_OBJC_ISA_USAGE = YES_ERROR;
				CLANG_WARN_EMPTY_BODY = YES;
				CLANG_WARN_ENUM_CONVERSION = YES;
				CLANG_WARN_INT_CONVERSION = YES;
				CLANG_WARN_OBJC_ROOT_CLASS = YES_ERROR;
				CLANG_WARN_UNREACHABLE_CODE = YES;
				CLANG_WARN__DUPLICATE_METHOD_MATCH = YES;
				"CODE_SIGN_IDENTITY[sdk=iphoneos*]" = "iPhone Developer";
				COPY_PHASE_STRIP = NO;
				DEBUG_INFORMATION_FORMAT = dwarf;
				ENABLE_STRICT_OBJC_MSGSEND = YES;
				ENABLE_TESTABILITY = YES;
				GCC_C_LANGUAGE_STANDARD = gnu99;
				GCC_DYNAMIC_NO_PIC = NO;
				GCC_NO_COMMON_BLOCKS = YES;
				GCC_OPTIMIZATION_LEVEL = 0;
				GCC_PREPROCESSOR_DEFINITIONS = (
					"DEBUG=1",
					"$(inherited)",
				);
				GCC_WARN_64_TO_32_BIT_CONVERSION = YES;
				GCC_WARN_ABOUT_RETURN_TYPE = YES_ERROR;
				GCC_WARN_UNDECLARED_SELECTOR = YES;
				GCC_WARN_UNINITIALIZED_AUTOS = YES_AGGRESSIVE;
				GCC_WARN_UNUSED_FUNCTION = YES;
				GCC_WARN_UNUSED_VARIABLE = YES;
				IPHONEOS_DEPLOYMENT_TARGET = 9.3;
				MTL_ENABLE_DEBUG_INFO = YES;
				ONLY_ACTIVE_ARCH = YES;
				SDKROOT = iphoneos;
				SWIFT_OPTIMIZATION_LEVEL = "-Onone";
			};
			name = Debug;
		};
		84FEBDD11CCEFFA70085E15F /* Release */ = {
			isa = XCBuildConfiguration;
			buildSettings = {
				ALWAYS_SEARCH_USER_PATHS = NO;
				CLANG_ANALYZER_NONNULL = YES;
				CLANG_CXX_LANGUAGE_STANDARD = "gnu++0x";
				CLANG_CXX_LIBRARY = "libc++";
				CLANG_ENABLE_MODULES = YES;
				CLANG_ENABLE_OBJC_ARC = YES;
				CLANG_WARN_BOOL_CONVERSION = YES;
				CLANG_WARN_CONSTANT_CONVERSION = YES;
				CLANG_WARN_DIRECT_OBJC_ISA_USAGE = YES_ERROR;
				CLANG_WARN_EMPTY_BODY = YES;
				CLANG_WARN_ENUM_CONVERSION = YES;
				CLANG_WARN_INT_CONVERSION = YES;
				CLANG_WARN_OBJC_ROOT_CLASS = YES_ERROR;
				CLANG_WARN_UNREACHABLE_CODE = YES;
				CLANG_WARN__DUPLICATE_METHOD_MATCH = YES;
				"CODE_SIGN_IDENTITY[sdk=iphoneos*]" = "iPhone Developer";
				COPY_PHASE_STRIP = NO;
				DEBUG_INFORMATION_FORMAT = "dwarf-with-dsym";
				ENABLE_NS_ASSERTIONS = NO;
				ENABLE_STRICT_OBJC_MSGSEND = YES;
				GCC_C_LANGUAGE_STANDARD = gnu99;
				GCC_NO_COMMON_BLOCKS = YES;
				GCC_WARN_64_TO_32_BIT_CONVERSION = YES;
				GCC_WARN_ABOUT_RETURN_TYPE = YES_ERROR;
				GCC_WARN_UNDECLARED_SELECTOR = YES;
				GCC_WARN_UNINITIALIZED_AUTOS = YES_AGGRESSIVE;
				GCC_WARN_UNUSED_FUNCTION = YES;
				GCC_WARN_UNUSED_VARIABLE = YES;
				IPHONEOS_DEPLOYMENT_TARGET = 9.3;
				MTL_ENABLE_DEBUG_INFO = NO;
				SDKROOT = iphoneos;
				VALIDATE_PRODUCT = YES;
			};
			name = Release;
		};
		84FEBDD31CCEFFA70085E15F /* Debug */ = {
			isa = XCBuildConfiguration;
			buildSettings = {
				ASSETCATALOG_COMPILER_APPICON_NAME = AppIcon;
				INFOPLIST_FILE = Multiples/Info.plist;
				LD_RUNPATH_SEARCH_PATHS = "$(inherited) @executable_path/Frameworks";
				PRODUCT_BUNDLE_IDENTIFIER = com.Karabensh.Multiples;
				PRODUCT_NAME = "$(TARGET_NAME)";
			};
			name = Debug;
		};
		84FEBDD41CCEFFA70085E15F /* Release */ = {
			isa = XCBuildConfiguration;
			buildSettings = {
				ASSETCATALOG_COMPILER_APPICON_NAME = AppIcon;
				INFOPLIST_FILE = Multiples/Info.plist;
				LD_RUNPATH_SEARCH_PATHS = "$(inherited) @executable_path/Frameworks";
				PRODUCT_BUNDLE_IDENTIFIER = com.Karabensh.Multiples;
				PRODUCT_NAME = "$(TARGET_NAME)";
			};
			name = Release;
		};
/* End XCBuildConfiguration section */

/* Begin XCConfigurationList section */
		84FEBDBB1CCEFFA70085E15F /* Build configuration list for PBXProject "Multiples" */ = {
			isa = XCConfigurationList;
			buildConfigurations = (
				84FEBDD01CCEFFA70085E15F /* Debug */,
				84FEBDD11CCEFFA70085E15F /* Release */,
			);
			defaultConfigurationIsVisible = 0;
			defaultConfigurationName = Release;
		};
		84FEBDD21CCEFFA70085E15F /* Build configuration list for PBXNativeTarget "Multiples" */ = {
			isa = XCConfigurationList;
			buildConfigurations = (
				84FEBDD31CCEFFA70085E15F /* Debug */,
				84FEBDD41CCEFFA70085E15F /* Release */,
			);
			defaultConfigurationIsVisible = 0;
		};
/* End XCConfigurationList section */
	};
	rootObject = 84FEBDB81CCEFFA70085E15F /* Project object */;
}
